
Microsoft Visual Studio Solution File, Format Version 12.00
# Visual Studio Version 17
VisualStudioVersion = 17.10.35122.118
MinimumVisualStudioVersion = 10.0.40219.1
Project("{888888A0-9F3D-457C-B088-3A5042F75D52}") = "PedraPapelTesouraAIGame", "PedraPapelTesouraAIGame\PedraPapelTesouraAIGame.pyproj", "{B8DB11E6-55B3-49CC-A397-236123FA01BD}"
EndProject
Global
	GlobalSection(SolutionConfigurationPlatforms) = preSolution
		Debug|Any CPU = Debug|Any CPU
		Release|Any CPU = Release|Any CPU
	EndGlobalSection
	GlobalSection(ProjectConfigurationPlatforms) = postSolution
		{B8DB11E6-55B3-49CC-A397-236123FA01BD}.Debug|Any CPU.ActiveCfg = Debug|Any CPU
		{B8DB11E6-55B3-49CC-A397-236123FA01BD}.Release|Any CPU.ActiveCfg = Release|Any CPU
	EndGlobalSection
	GlobalSection(SolutionProperties) = preSolution
		HideSolutionNode = FALSE
	EndGlobalSection
	GlobalSection(ExtensibilityGlobals) = postSolution
		SolutionGuid = {4CE81654-CA49-495B-82D7-A6D97CC95113}
	EndGlobalSection
EndGlobal
